// !$*UTF8*$!
{
	archiveVersion = 1;
	classes = {
	};
	objectVersion = 46;
	objects = {

/* Begin PBXContainerItemProxy section */
		98341DEB1A3FCB98002627EB /* PBXContainerItemProxy */ = {
			isa = PBXContainerItemProxy;
			containerPortal = 98341DE71A3FCB97002627EB /* main.xcodeproj */;
			proxyType = 2;
			remoteGlobalIDString = 98341DD91A3FCB97002627EB;
			remoteInfo = main;
		};
		98341E0F1A3FDEEA002627EB /* PBXContainerItemProxy */ = {
			isa = PBXContainerItemProxy;
			containerPortal = 98341E0B1A3FDEE9002627EB /* Library_MMDAgent.xcodeproj */;
			proxyType = 2;
			remoteGlobalIDString = 98341DFD1A3FDEE9002627EB;
			remoteInfo = Library_MMDAgent;
		};
		986D0CCA1A3FE36900CBDFAE /* PBXContainerItemProxy */ = {
			isa = PBXContainerItemProxy;
			containerPortal = 986D0CC61A3FE36800CBDFAE /* Library_MMDFiles.xcodeproj */;
			proxyType = 2;
			remoteGlobalIDString = 986D0CB81A3FE36800CBDFAE;
			remoteInfo = Library_MMDFiles;
		};
/* End PBXContainerItemProxy section */

/* Begin PBXFileReference section */
		98341DE71A3FCB97002627EB /* main.xcodeproj */ = {isa = PBXFileReference; lastKnownFileType = "wrapper.pb-project"; name = main.xcodeproj; path = main/main.xcodeproj; sourceTree = "<group>"; };
		98341DF11A3FCE95002627EB /* buildscript.sh */ = {isa = PBXFileReference; lastKnownFileType = text.script.sh; path = buildscript.sh; sourceTree = "<group>"; };
		98341E0B1A3FDEE9002627EB /* Library_MMDAgent.xcodeproj */ = {isa = PBXFileReference; lastKnownFileType = "wrapper.pb-project"; name = Library_MMDAgent.xcodeproj; path = Library_MMDAgent/Library_MMDAgent.xcodeproj; sourceTree = "<group>"; };
		986D0CC61A3FE36800CBDFAE /* Library_MMDFiles.xcodeproj */ = {isa = PBXFileReference; lastKnownFileType = "wrapper.pb-project"; name = Library_MMDFiles.xcodeproj; path = Library_MMDFiles/Library_MMDFiles.xcodeproj; sourceTree = "<group>"; };
/* End PBXFileReference section */

/* Begin PBXGroup section */
		98341DC91A3FCB5B002627EB = {
			isa = PBXGroup;
			children = (
				98341DF11A3FCE95002627EB /* buildscript.sh */,
				986D0CC61A3FE36800CBDFAE /* Library_MMDFiles.xcodeproj */,
				98341E0B1A3FDEE9002627EB /* Library_MMDAgent.xcodeproj */,
				98341DE71A3FCB97002627EB /* main.xcodeproj */,
			);
			sourceTree = "<group>";
		};
		98341DE81A3FCB97002627EB /* Products */ = {
			isa = PBXGroup;
			children = (
				98341DEC1A3FCB98002627EB /* libmain.dylib */,
			);
			name = Products;
			sourceTree = "<group>";
		};
		98341E0C1A3FDEE9002627EB /* Products */ = {
			isa = PBXGroup;
			children = (
				98341E101A3FDEEA002627EB /* libLibrary_MMDAgent.dylib */,
			);
			name = Products;
			sourceTree = "<group>";
		};
		986D0CC71A3FE36800CBDFAE /* Products */ = {
			isa = PBXGroup;
			children = (
				986D0CCB1A3FE36900CBDFAE /* libLibrary_MMDFiles.dylib */,
			);
			name = Products;
			sourceTree = "<group>";
		};
/* End PBXGroup section */

/* Begin PBXLegacyTarget section */
		98341DED1A3FCC19002627EB /* ndkapp */ = {
			isa = PBXLegacyTarget;
			buildArgumentsString = "$(SRCROOT)/buildscript.sh $(PRODUCT_NAME) $(ACTION)";
			buildConfigurationList = 98341DEE1A3FCC19002627EB /* Build configuration list for PBXLegacyTarget "ndkapp" */;
			buildPhases = (
			);
			buildToolPath = bash;
			buildWorkingDirectory = ./..;
			dependencies = (
			);
			name = ndkapp;
			passBuildSettingsInEnvironment = 1;
			productName = ndkapp;
		};
/* End PBXLegacyTarget section */

/* Begin PBXProject section */
		98341DCA1A3FCB5B002627EB /* Project object */ = {
			isa = PBXProject;
			attributes = {
				LastUpgradeCheck = 0610;
				TargetAttributes = {
					98341DED1A3FCC19002627EB = {
						CreatedOnToolsVersion = 6.1.1;
					};
				};
			};
			buildConfigurationList = 98341DCD1A3FCB5B002627EB /* Build configuration list for PBXProject "mmdagentwrap" */;
			compatibilityVersion = "Xcode 3.2";
			developmentRegion = English;
			hasScannedForEncodings = 0;
			knownRegions = (
				en,
			);
			mainGroup = 98341DC91A3FCB5B002627EB;
			projectDirPath = "";
			projectReferences = (
				{
					ProductGroup = 98341E0C1A3FDEE9002627EB /* Products */;
					ProjectRef = 98341E0B1A3FDEE9002627EB /* Library_MMDAgent.xcodeproj */;
				},
				{
					ProductGroup = 986D0CC71A3FE36800CBDFAE /* Products */;
					ProjectRef = 986D0CC61A3FE36800CBDFAE /* Library_MMDFiles.xcodeproj */;
				},
				{
					ProductGroup = 98341DE81A3FCB97002627EB /* Products */;
					ProjectRef = 98341DE71A3FCB97002627EB /* main.xcodeproj */;
				},
			);
			projectRoot = "";
			targets = (
				98341DED1A3FCC19002627EB /* ndkapp */,
			);
		};
/* End PBXProject section */

/* Begin PBXReferenceProxy section */
		98341DEC1A3FCB98002627EB /* libmain.dylib */ = {
			isa = PBXReferenceProxy;
			fileType = "compiled.mach-o.dylib";
			path = libmain.dylib;
			remoteRef = 98341DEB1A3FCB98002627EB /* PBXContainerItemProxy */;
			sourceTree = BUILT_PRODUCTS_DIR;
		};
		98341E101A3FDEEA002627EB /* libLibrary_MMDAgent.dylib */ = {
			isa = PBXReferenceProxy;
			fileType = "compiled.mach-o.dylib";
			path = libLibrary_MMDAgent.dylib;
			remoteRef = 98341E0F1A3FDEEA002627EB /* PBXContainerItemProxy */;
			sourceTree = BUILT_PRODUCTS_DIR;
		};
		986D0CCB1A3FE36900CBDFAE /* libLibrary_MMDFiles.dylib */ = {
			isa = PBXReferenceProxy;
			fileType = "compiled.mach-o.dylib";
			path = libLibrary_MMDFiles.dylib;
			remoteRef = 986D0CCA1A3FE36900CBDFAE /* PBXContainerItemProxy */;
			sourceTree = BUILT_PRODUCTS_DIR;
		};
/* End PBXReferenceProxy section */

/* Begin XCBuildConfiguration section */
		98341DCE1A3FCB5B002627EB /* Debug */ = {
			isa = XCBuildConfiguration;
			buildSettings = {
			};
			name = Debug;
		};
		98341DCF1A3FCB5B002627EB /* Release */ = {
			isa = XCBuildConfiguration;
			buildSettings = {
			};
			name = Release;
		};
		98341DEF1A3FCC19002627EB /* Debug */ = {
			isa = XCBuildConfiguration;
			buildSettings = {
				ALWAYS_SEARCH_USER_PATHS = NO;
				CLANG_CXX_LANGUAGE_STANDARD = "gnu++0x";
				CLANG_CXX_LIBRARY = "libc++";
				CLANG_ENABLE_MODULES = YES;
				CLANG_ENABLE_OBJC_ARC = YES;
				CLANG_WARN_BOOL_CONVERSION = YES;
				CLANG_WARN_CONSTANT_CONVERSION = YES;
				CLANG_WARN_DIRECT_OBJC_ISA_USAGE = YES_ERROR;
				CLANG_WARN_EMPTY_BODY = YES;
				CLANG_WARN_ENUM_CONVERSION = YES;
				CLANG_WARN_INT_CONVERSION = YES;
				CLANG_WARN_OBJC_ROOT_CLASS = YES_ERROR;
				CLANG_WARN_UNREACHABLE_CODE = YES;
				CLANG_WARN__DUPLICATE_METHOD_MATCH = YES;
				COPY_PHASE_STRIP = NO;
				DEBUGGING_SYMBOLS = YES;
				ENABLE_STRICT_OBJC_MSGSEND = YES;
				GCC_C_LANGUAGE_STANDARD = gnu99;
				GCC_DYNAMIC_NO_PIC = NO;
				GCC_GENERATE_DEBUGGING_SYMBOLS = YES;
				GCC_OPTIMIZATION_LEVEL = 0;
				GCC_PREPROCESSOR_DEFINITIONS = (
					"DEBUG=1",
					"$(inherited)",
				);
				GCC_SYMBOLS_PRIVATE_EXTERN = NO;
				GCC_WARN_64_TO_32_BIT_CONVERSION = YES;
				GCC_WARN_ABOUT_RETURN_TYPE = YES_ERROR;
				GCC_WARN_UNDECLARED_SELECTOR = YES;
				GCC_WARN_UNINITIALIZED_AUTOS = YES_AGGRESSIVE;
				GCC_WARN_UNUSED_FUNCTION = YES;
				GCC_WARN_UNUSED_VARIABLE = YES;
				MACOSX_DEPLOYMENT_TARGET = 10.10;
				MTL_ENABLE_DEBUG_INFO = YES;
				NDK_ROOT = "/Users/h4x/android-ndk";
				ONLY_ACTIVE_ARCH = YES;
				OTHER_CFLAGS = "";
				OTHER_LDFLAGS = "";
				PRODUCT_NAME = "$(TARGET_NAME)";
				SDKROOT = macosx;
			};
			name = Debug;
		};
		98341DF01A3FCC19002627EB /* Release */ = {
			isa = XCBuildConfiguration;
			buildSettings = {
				ALWAYS_SEARCH_USER_PATHS = NO;
				CLANG_CXX_LANGUAGE_STANDARD = "gnu++0x";
				CLANG_CXX_LIBRARY = "libc++";
				CLANG_ENABLE_MODULES = YES;
				CLANG_ENABLE_OBJC_ARC = YES;
				CLANG_WARN_BOOL_CONVERSION = YES;
				CLANG_WARN_CONSTANT_CONVERSION = YES;
				CLANG_WARN_DIRECT_OBJC_ISA_USAGE = YES_ERROR;
				CLANG_WARN_EMPTY_BODY = YES;
				CLANG_WARN_ENUM_CONVERSION = YES;
				CLANG_WARN_INT_CONVERSION = YES;
				CLANG_WARN_OBJC_ROOT_CLASS = YES_ERROR;
				CLANG_WARN_UNREACHABLE_CODE = YES;
				CLANG_WARN__DUPLICATE_METHOD_MATCH = YES;
				COPY_PHASE_STRIP = YES;
				DEBUG_INFORMATION_FORMAT = "dwarf-with-dsym";
				ENABLE_NS_ASSERTIONS = NO;
				ENABLE_STRICT_OBJC_MSGSEND = YES;
				GCC_C_LANGUAGE_STANDARD = gnu99;
				GCC_WARN_64_TO_32_BIT_CONVERSION = YES;
				GCC_WARN_ABOUT_RETURN_TYPE = YES_ERROR;
				GCC_WARN_UNDECLARED_SELECTOR = YES;
				GCC_WARN_UNINITIALIZED_AUTOS = YES_AGGRESSIVE;
				GCC_WARN_UNUSED_FUNCTION = YES;
				GCC_WARN_UNUSED_VARIABLE = YES;
				MACOSX_DEPLOYMENT_TARGET = 10.10;
				MTL_ENABLE_DEBUG_INFO = NO;
				NDK_ROOT = "/Users/h4x/android-ndk";
				OTHER_CFLAGS = "";
				OTHER_LDFLAGS = "";
				PRODUCT_NAME = "$(TARGET_NAME)";
				SDKROOT = macosx;
			};
			name = Release;
		};
/* End XCBuildConfiguration section */

/* Begin XCConfigurationList section */
		98341DCD1A3FCB5B002627EB /* Build configuration list for PBXProject "mmdagentwrap" */ = {
			isa = XCConfigurationList;
			buildConfigurations = (
				98341DCE1A3FCB5B002627EB /* Debug */,
				98341DCF1A3FCB5B002627EB /* Release */,
			);
			defaultConfigurationIsVisible = 0;
			defaultConfigurationName = Release;
		};
		98341DEE1A3FCC19002627EB /* Build configuration list for PBXLegacyTarget "ndkapp" */ = {
			isa = XCConfigurationList;
			buildConfigurations = (
				98341DEF1A3FCC19002627EB /* Debug */,
				98341DF01A3FCC19002627EB /* Release */,
			);
			defaultConfigurationIsVisible = 0;
			defaultConfigurationName = Release;
		};
/* End XCConfigurationList section */
	};
	rootObject = 98341DCA1A3FCB5B002627EB /* Project object */;
}
